// !$*UTF8*$!
{
	archiveVersion = 1;
	classes = {
	};
	objectVersion = 50;
	objects = {

/* Begin PBXBuildFile section */
		6109AB1E22066B2C00FA17AB /* AppDelegate.swift in Sources */ = {isa = PBXBuildFile; fileRef = 6109AB1D22066B2C00FA17AB /* AppDelegate.swift */; };
		6109AB2022066B2C00FA17AB /* ApresentationViewController.swift in Sources */ = {isa = PBXBuildFile; fileRef = 6109AB1F22066B2C00FA17AB /* ApresentationViewController.swift */; };
		6109AB2522066B2E00FA17AB /* Assets.xcassets in Resources */ = {isa = PBXBuildFile; fileRef = 6109AB2422066B2E00FA17AB /* Assets.xcassets */; };
		6109AB2822066B2E00FA17AB /* LaunchScreen.storyboard in Resources */ = {isa = PBXBuildFile; fileRef = 6109AB2622066B2E00FA17AB /* LaunchScreen.storyboard */; };
		6196EFED2207344800DB8344 /* DogRouter.swift in Sources */ = {isa = PBXBuildFile; fileRef = 6196EFEC2207344800DB8344 /* DogRouter.swift */; };
		6196EFF1220739FD00DB8344 /* DogRepository.swift in Sources */ = {isa = PBXBuildFile; fileRef = 6196EFF0220739FD00DB8344 /* DogRepository.swift */; };
		6196EFF322073A8C00DB8344 /* Dog.swift in Sources */ = {isa = PBXBuildFile; fileRef = 6196EFF222073A8C00DB8344 /* Dog.swift */; };
		6196EFF722074BB200DB8344 /* DogService.swift in Sources */ = {isa = PBXBuildFile; fileRef = 6196EFF622074BB200DB8344 /* DogService.swift */; };
		6196EFFB2207941100DB8344 /* String+Extension.swift in Sources */ = {isa = PBXBuildFile; fileRef = 6196EFFA2207941100DB8344 /* String+Extension.swift */; };
		6196EFFE2207960800DB8344 /* DrawViewController.swift in Sources */ = {isa = PBXBuildFile; fileRef = 6196EFFD2207960800DB8344 /* DrawViewController.swift */; };
		6196F0022207979500DB8344 /* DogTableViewCell.swift in Sources */ = {isa = PBXBuildFile; fileRef = 6196F0002207979500DB8344 /* DogTableViewCell.swift */; };
		6196F0032207979500DB8344 /* DogTableViewCell.xib in Resources */ = {isa = PBXBuildFile; fileRef = 6196F0012207979500DB8344 /* DogTableViewCell.xib */; };
		6196F0052207A21100DB8344 /* UIView+Extension.swift in Sources */ = {isa = PBXBuildFile; fileRef = 6196F0042207A21100DB8344 /* UIView+Extension.swift */; };
		6196F0072207A24100DB8344 /* UITableView+Extension.swift in Sources */ = {isa = PBXBuildFile; fileRef = 6196F0062207A24100DB8344 /* UITableView+Extension.swift */; };
		6196F00D2207A5C900DB8344 /* ApresentationViewModel.swift in Sources */ = {isa = PBXBuildFile; fileRef = 6196F00C2207A5C900DB8344 /* ApresentationViewModel.swift */; };
		6196F0132207ABF400DB8344 /* UIImageView+Extenstion.swift in Sources */ = {isa = PBXBuildFile; fileRef = 6196F0122207ABF400DB8344 /* UIImageView+Extenstion.swift */; };
		6196F0162207AC9C00DB8344 /* DefaultContainter.swift in Sources */ = {isa = PBXBuildFile; fileRef = 6196F0152207AC9C00DB8344 /* DefaultContainter.swift */; };
		6196F0182207AEA200DB8344 /* Service.swift in Sources */ = {isa = PBXBuildFile; fileRef = 6196F0172207AEA200DB8344 /* Service.swift */; };
		6196F01A2207AF7200DB8344 /* Repository.swift in Sources */ = {isa = PBXBuildFile; fileRef = 6196F0192207AF7200DB8344 /* Repository.swift */; };
		6196F01C2207B07A00DB8344 /* DogResponse.swift in Sources */ = {isa = PBXBuildFile; fileRef = 6196F01B2207B07A00DB8344 /* DogResponse.swift */; };
		6196F01E2207BCA900DB8344 /* Coordinator.swift in Sources */ = {isa = PBXBuildFile; fileRef = 6196F01D2207BCA900DB8344 /* Coordinator.swift */; };
		6196F0222207BD3C00DB8344 /* AppCoordinator.swift in Sources */ = {isa = PBXBuildFile; fileRef = 6196F0212207BD3C00DB8344 /* AppCoordinator.swift */; };
		61DFF61D2207FE2400D9F3D3 /* DogTableViewCellViewModel.swift in Sources */ = {isa = PBXBuildFile; fileRef = 61DFF61C2207FE2400D9F3D3 /* DogTableViewCellViewModel.swift */; };
		C9429957CC6669FA749BCDE6 /* Pods_DoguineoRx.framework in Frameworks */ = {isa = PBXBuildFile; fileRef = BE224824B135A8E916142121 /* Pods_DoguineoRx.framework */; };
/* End PBXBuildFile section */

/* Begin PBXFileReference section */
		6109AB1A22066B2C00FA17AB /* DoguineoRx.app */ = {isa = PBXFileReference; explicitFileType = wrapper.application; includeInIndex = 0; path = DoguineoRx.app; sourceTree = BUILT_PRODUCTS_DIR; };
		6109AB1D22066B2C00FA17AB /* AppDelegate.swift */ = {isa = PBXFileReference; lastKnownFileType = sourcecode.swift; path = AppDelegate.swift; sourceTree = "<group>"; };
		6109AB1F22066B2C00FA17AB /* ApresentationViewController.swift */ = {isa = PBXFileReference; lastKnownFileType = sourcecode.swift; path = ApresentationViewController.swift; sourceTree = "<group>"; };
		6109AB2422066B2E00FA17AB /* Assets.xcassets */ = {isa = PBXFileReference; lastKnownFileType = folder.assetcatalog; path = Assets.xcassets; sourceTree = "<group>"; };
		6109AB2722066B2E00FA17AB /* Base */ = {isa = PBXFileReference; lastKnownFileType = file.storyboard; name = Base; path = Base.lproj/LaunchScreen.storyboard; sourceTree = "<group>"; };
		6109AB2922066B2E00FA17AB /* Info.plist */ = {isa = PBXFileReference; lastKnownFileType = text.plist.xml; path = Info.plist; sourceTree = "<group>"; };
		6196EFEC2207344800DB8344 /* DogRouter.swift */ = {isa = PBXFileReference; lastKnownFileType = sourcecode.swift; path = DogRouter.swift; sourceTree = "<group>"; };
		6196EFF0220739FD00DB8344 /* DogRepository.swift */ = {isa = PBXFileReference; lastKnownFileType = sourcecode.swift; path = DogRepository.swift; sourceTree = "<group>"; };
		6196EFF222073A8C00DB8344 /* Dog.swift */ = {isa = PBXFileReference; lastKnownFileType = sourcecode.swift; path = Dog.swift; sourceTree = "<group>"; };
		6196EFF622074BB200DB8344 /* DogService.swift */ = {isa = PBXFileReference; fileEncoding = 4; lastKnownFileType = sourcecode.swift; path = DogService.swift; sourceTree = "<group>"; };
		6196EFFA2207941100DB8344 /* String+Extension.swift */ = {isa = PBXFileReference; lastKnownFileType = sourcecode.swift; path = "String+Extension.swift"; sourceTree = "<group>"; };
		6196EFFD2207960800DB8344 /* DrawViewController.swift */ = {isa = PBXFileReference; lastKnownFileType = sourcecode.swift; path = DrawViewController.swift; sourceTree = "<group>"; };
		6196F0002207979500DB8344 /* DogTableViewCell.swift */ = {isa = PBXFileReference; lastKnownFileType = sourcecode.swift; path = DogTableViewCell.swift; sourceTree = "<group>"; };
		6196F0012207979500DB8344 /* DogTableViewCell.xib */ = {isa = PBXFileReference; lastKnownFileType = file.xib; path = DogTableViewCell.xib; sourceTree = "<group>"; };
		6196F0042207A21100DB8344 /* UIView+Extension.swift */ = {isa = PBXFileReference; lastKnownFileType = sourcecode.swift; path = "UIView+Extension.swift"; sourceTree = "<group>"; };
		6196F0062207A24100DB8344 /* UITableView+Extension.swift */ = {isa = PBXFileReference; lastKnownFileType = sourcecode.swift; path = "UITableView+Extension.swift"; sourceTree = "<group>"; };
		6196F00C2207A5C900DB8344 /* ApresentationViewModel.swift */ = {isa = PBXFileReference; lastKnownFileType = sourcecode.swift; path = ApresentationViewModel.swift; sourceTree = "<group>"; };
		6196F0122207ABF400DB8344 /* UIImageView+Extenstion.swift */ = {isa = PBXFileReference; lastKnownFileType = sourcecode.swift; path = "UIImageView+Extenstion.swift"; sourceTree = "<group>"; };
		6196F0152207AC9C00DB8344 /* DefaultContainter.swift */ = {isa = PBXFileReference; lastKnownFileType = sourcecode.swift; path = DefaultContainter.swift; sourceTree = "<group>"; };
		6196F0172207AEA200DB8344 /* Service.swift */ = {isa = PBXFileReference; lastKnownFileType = sourcecode.swift; path = Service.swift; sourceTree = "<group>"; };
		6196F0192207AF7200DB8344 /* Repository.swift */ = {isa = PBXFileReference; lastKnownFileType = sourcecode.swift; path = Repository.swift; sourceTree = "<group>"; };
		6196F01B2207B07A00DB8344 /* DogResponse.swift */ = {isa = PBXFileReference; lastKnownFileType = sourcecode.swift; path = DogResponse.swift; sourceTree = "<group>"; };
		6196F01D2207BCA900DB8344 /* Coordinator.swift */ = {isa = PBXFileReference; lastKnownFileType = sourcecode.swift; path = Coordinator.swift; sourceTree = "<group>"; };
		6196F0212207BD3C00DB8344 /* AppCoordinator.swift */ = {isa = PBXFileReference; lastKnownFileType = sourcecode.swift; path = AppCoordinator.swift; sourceTree = "<group>"; };
		61DFF61C2207FE2400D9F3D3 /* DogTableViewCellViewModel.swift */ = {isa = PBXFileReference; lastKnownFileType = sourcecode.swift; path = DogTableViewCellViewModel.swift; sourceTree = "<group>"; };
		BC1DD0E3321D22C9D4CE8E39 /* Pods-DoguineoRx.release.xcconfig */ = {isa = PBXFileReference; includeInIndex = 1; lastKnownFileType = text.xcconfig; name = "Pods-DoguineoRx.release.xcconfig"; path = "Pods/Target Support Files/Pods-DoguineoRx/Pods-DoguineoRx.release.xcconfig"; sourceTree = "<group>"; };
		BE224824B135A8E916142121 /* Pods_DoguineoRx.framework */ = {isa = PBXFileReference; explicitFileType = wrapper.framework; includeInIndex = 0; path = Pods_DoguineoRx.framework; sourceTree = BUILT_PRODUCTS_DIR; };
		D84C8812EE56BB44C49F75C8 /* Pods-DoguineoRx.debug.xcconfig */ = {isa = PBXFileReference; includeInIndex = 1; lastKnownFileType = text.xcconfig; name = "Pods-DoguineoRx.debug.xcconfig"; path = "Pods/Target Support Files/Pods-DoguineoRx/Pods-DoguineoRx.debug.xcconfig"; sourceTree = "<group>"; };
/* End PBXFileReference section */

/* Begin PBXFrameworksBuildPhase section */
		6109AB1722066B2C00FA17AB /* Frameworks */ = {
			isa = PBXFrameworksBuildPhase;
			buildActionMask = 2147483647;
			files = (
				C9429957CC6669FA749BCDE6 /* Pods_DoguineoRx.framework in Frameworks */,
			);
			runOnlyForDeploymentPostprocessing = 0;
		};
/* End PBXFrameworksBuildPhase section */

/* Begin PBXGroup section */
		5E748424DE5A8F70A135A288 /* Frameworks */ = {
			isa = PBXGroup;
			children = (
				BE224824B135A8E916142121 /* Pods_DoguineoRx.framework */,
			);
			name = Frameworks;
			sourceTree = "<group>";
		};
		6109AB1122066B2C00FA17AB = {
			isa = PBXGroup;
			children = (
				6109AB1C22066B2C00FA17AB /* DoguineoRx */,
				6109AB1B22066B2C00FA17AB /* Products */,
				905EDC853934779C095E8705 /* Pods */,
				5E748424DE5A8F70A135A288 /* Frameworks */,
			);
			sourceTree = "<group>";
		};
		6109AB1B22066B2C00FA17AB /* Products */ = {
			isa = PBXGroup;
			children = (
				6109AB1A22066B2C00FA17AB /* DoguineoRx.app */,
			);
			name = Products;
			sourceTree = "<group>";
		};
		6109AB1C22066B2C00FA17AB /* DoguineoRx */ = {
			isa = PBXGroup;
			children = (
				6196EFEA2207341300DB8344 /* AppDelegate */,
				6196F0142207AC7E00DB8344 /* Container */,
				6196EFF9220793ED00DB8344 /* Extensions */,
				6196EFE3220733AF00DB8344 /* Coordinators */,
				6196EFE92207340500DB8344 /* Services */,
				6196EFE4220733B800DB8344 /* Repositories */,
				6196EFE6220733C400DB8344 /* Models */,
				6196F00E2207A9A300DB8344 /* Modules */,
				6196EFEB2207341F00DB8344 /* Resources */,
			);
			path = DoguineoRx;
			sourceTree = "<group>";
		};
		6196EFE3220733AF00DB8344 /* Coordinators */ = {
			isa = PBXGroup;
			children = (
				6196F01D2207BCA900DB8344 /* Coordinator.swift */,
				6196F0212207BD3C00DB8344 /* AppCoordinator.swift */,
			);
			path = Coordinators;
			sourceTree = "<group>";
		};
		6196EFE4220733B800DB8344 /* Repositories */ = {
			isa = PBXGroup;
			children = (
				6196F0192207AF7200DB8344 /* Repository.swift */,
				6196EFF0220739FD00DB8344 /* DogRepository.swift */,
			);
			path = Repositories;
			sourceTree = "<group>";
		};
		6196EFE6220733C400DB8344 /* Models */ = {
			isa = PBXGroup;
			children = (
				6196EFF222073A8C00DB8344 /* Dog.swift */,
				6196F01B2207B07A00DB8344 /* DogResponse.swift */,
			);
			path = Models;
			sourceTree = "<group>";
		};
		6196EFE92207340500DB8344 /* Services */ = {
			isa = PBXGroup;
			children = (
				6196EFF822074BB800DB8344 /* Router */,
				6196F0172207AEA200DB8344 /* Service.swift */,
				6196EFF622074BB200DB8344 /* DogService.swift */,
			);
			path = Services;
			sourceTree = "<group>";
		};
		6196EFEA2207341300DB8344 /* AppDelegate */ = {
			isa = PBXGroup;
			children = (
				6109AB1D22066B2C00FA17AB /* AppDelegate.swift */,
			);
			path = AppDelegate;
			sourceTree = "<group>";
		};
		6196EFEB2207341F00DB8344 /* Resources */ = {
			isa = PBXGroup;
			children = (
				6109AB2622066B2E00FA17AB /* LaunchScreen.storyboard */,
				6109AB2922066B2E00FA17AB /* Info.plist */,
				6109AB2422066B2E00FA17AB /* Assets.xcassets */,
			);
			path = Resources;
			sourceTree = "<group>";
		};
		6196EFF822074BB800DB8344 /* Router */ = {
			isa = PBXGroup;
			children = (
				6196EFEC2207344800DB8344 /* DogRouter.swift */,
			);
			path = Router;
			sourceTree = "<group>";
		};
		6196EFF9220793ED00DB8344 /* Extensions */ = {
			isa = PBXGroup;
			children = (
				6196EFFA2207941100DB8344 /* String+Extension.swift */,
				6196F0042207A21100DB8344 /* UIView+Extension.swift */,
				6196F0062207A24100DB8344 /* UITableView+Extension.swift */,
				6196F0122207ABF400DB8344 /* UIImageView+Extenstion.swift */,
			);
			path = Extensions;
			sourceTree = "<group>";
		};
		6196EFFF2207977300DB8344 /* Cells */ = {
			isa = PBXGroup;
			children = (
				61DFF61C2207FE2400D9F3D3 /* DogTableViewCellViewModel.swift */,
				6196F0002207979500DB8344 /* DogTableViewCell.swift */,
				6196F0012207979500DB8344 /* DogTableViewCell.xib */,
			);
			path = Cells;
			sourceTree = "<group>";
		};
		6196F00E2207A9A300DB8344 /* Modules */ = {
			isa = PBXGroup;
			children = (
				6196EFFF2207977300DB8344 /* Cells */,
				6196F00F2207A9B800DB8344 /* Apresentation */,
				6196F0102207A9C100DB8344 /* Draw */,
			);
			path = Modules;
			sourceTree = "<group>";
		};
		6196F00F2207A9B800DB8344 /* Apresentation */ = {
			isa = PBXGroup;
			children = (
				6196F00C2207A5C900DB8344 /* ApresentationViewModel.swift */,
				6109AB1F22066B2C00FA17AB /* ApresentationViewController.swift */,
			);
			path = Apresentation;
			sourceTree = "<group>";
		};
		6196F0102207A9C100DB8344 /* Draw */ = {
			isa = PBXGroup;
			children = (
				6196EFFD2207960800DB8344 /* DrawViewController.swift */,
			);
			path = Draw;
			sourceTree = "<group>";
		};
		6196F0142207AC7E00DB8344 /* Container */ = {
			isa = PBXGroup;
			children = (
				6196F0152207AC9C00DB8344 /* DefaultContainter.swift */,
			);
			path = Container;
			sourceTree = "<group>";
		};
		905EDC853934779C095E8705 /* Pods */ = {
			isa = PBXGroup;
			children = (
				D84C8812EE56BB44C49F75C8 /* Pods-DoguineoRx.debug.xcconfig */,
				BC1DD0E3321D22C9D4CE8E39 /* Pods-DoguineoRx.release.xcconfig */,
			);
			name = Pods;
			sourceTree = "<group>";
		};
/* End PBXGroup section */

/* Begin PBXNativeTarget section */
		6109AB1922066B2C00FA17AB /* DoguineoRx */ = {
			isa = PBXNativeTarget;
			buildConfigurationList = 6109AB2C22066B2E00FA17AB /* Build configuration list for PBXNativeTarget "DoguineoRx" */;
			buildPhases = (
				76A549EED07852A0D67E3834 /* [CP] Check Pods Manifest.lock */,
				6109AB1622066B2C00FA17AB /* Sources */,
				6109AB1722066B2C00FA17AB /* Frameworks */,
				6109AB1822066B2C00FA17AB /* Resources */,
				263F2031C408A829E8FE27ED /* [CP] Embed Pods Frameworks */,
			);
			buildRules = (
			);
			dependencies = (
			);
			name = DoguineoRx;
			productName = DoguineoRx;
			productReference = 6109AB1A22066B2C00FA17AB /* DoguineoRx.app */;
			productType = "com.apple.product-type.application";
		};
/* End PBXNativeTarget section */

/* Begin PBXProject section */
		6109AB1222066B2C00FA17AB /* Project object */ = {
			isa = PBXProject;
			attributes = {
				LastSwiftUpdateCheck = 1010;
				LastUpgradeCheck = 1010;
				ORGANIZATIONNAME = GabrielCavalcante;
				TargetAttributes = {
					6109AB1922066B2C00FA17AB = {
						CreatedOnToolsVersion = 10.1;
					};
				};
			};
			buildConfigurationList = 6109AB1522066B2C00FA17AB /* Build configuration list for PBXProject "DoguineoRx" */;
			compatibilityVersion = "Xcode 9.3";
			developmentRegion = en;
			hasScannedForEncodings = 0;
			knownRegions = (
				en,
				Base,
			);
			mainGroup = 6109AB1122066B2C00FA17AB;
			productRefGroup = 6109AB1B22066B2C00FA17AB /* Products */;
			projectDirPath = "";
			projectRoot = "";
			targets = (
				6109AB1922066B2C00FA17AB /* DoguineoRx */,
			);
		};
/* End PBXProject section */

/* Begin PBXResourcesBuildPhase section */
		6109AB1822066B2C00FA17AB /* Resources */ = {
			isa = PBXResourcesBuildPhase;
			buildActionMask = 2147483647;
			files = (
				6109AB2822066B2E00FA17AB /* LaunchScreen.storyboard in Resources */,
				6109AB2522066B2E00FA17AB /* Assets.xcassets in Resources */,
				6196F0032207979500DB8344 /* DogTableViewCell.xib in Resources */,
			);
			runOnlyForDeploymentPostprocessing = 0;
		};
/* End PBXResourcesBuildPhase section */

/* Begin PBXShellScriptBuildPhase section */
		263F2031C408A829E8FE27ED /* [CP] Embed Pods Frameworks */ = {
			isa = PBXShellScriptBuildPhase;
			buildActionMask = 2147483647;
			files = (
			);
			inputPaths = (
				"${SRCROOT}/Pods/Target Support Files/Pods-DoguineoRx/Pods-DoguineoRx-frameworks.sh",
				"${BUILT_PRODUCTS_DIR}/Alamofire/Alamofire.framework",
				"${BUILT_PRODUCTS_DIR}/AutoLayouty/AutoLayouty.framework",
				"${BUILT_PRODUCTS_DIR}/EVReflection/EVReflection.framework",
				"${BUILT_PRODUCTS_DIR}/Moya/Moya.framework",
				"${BUILT_PRODUCTS_DIR}/Result/Result.framework",
				"${BUILT_PRODUCTS_DIR}/RxCocoa/RxCocoa.framework",
				"${BUILT_PRODUCTS_DIR}/RxSwift/RxSwift.framework",
				"${BUILT_PRODUCTS_DIR}/Swinject/Swinject.framework",
			);
			name = "[CP] Embed Pods Frameworks";
			outputPaths = (
				"${TARGET_BUILD_DIR}/${FRAMEWORKS_FOLDER_PATH}/Alamofire.framework",
				"${TARGET_BUILD_DIR}/${FRAMEWORKS_FOLDER_PATH}/AutoLayouty.framework",
				"${TARGET_BUILD_DIR}/${FRAMEWORKS_FOLDER_PATH}/EVReflection.framework",
				"${TARGET_BUILD_DIR}/${FRAMEWORKS_FOLDER_PATH}/Moya.framework",
				"${TARGET_BUILD_DIR}/${FRAMEWORKS_FOLDER_PATH}/Result.framework",
				"${TARGET_BUILD_DIR}/${FRAMEWORKS_FOLDER_PATH}/RxCocoa.framework",
				"${TARGET_BUILD_DIR}/${FRAMEWORKS_FOLDER_PATH}/RxSwift.framework",
				"${TARGET_BUILD_DIR}/${FRAMEWORKS_FOLDER_PATH}/Swinject.framework",
			);
			runOnlyForDeploymentPostprocessing = 0;
			shellPath = /bin/sh;
			shellScript = "\"${SRCROOT}/Pods/Target Support Files/Pods-DoguineoRx/Pods-DoguineoRx-frameworks.sh\"\n";
			showEnvVarsInLog = 0;
		};
		76A549EED07852A0D67E3834 /* [CP] Check Pods Manifest.lock */ = {
			isa = PBXShellScriptBuildPhase;
			buildActionMask = 2147483647;
			files = (
			);
			inputPaths = (
				"${PODS_PODFILE_DIR_PATH}/Podfile.lock",
				"${PODS_ROOT}/Manifest.lock",
			);
			name = "[CP] Check Pods Manifest.lock";
			outputPaths = (
				"$(DERIVED_FILE_DIR)/Pods-DoguineoRx-checkManifestLockResult.txt",
			);
			runOnlyForDeploymentPostprocessing = 0;
			shellPath = /bin/sh;
			shellScript = "diff \"${PODS_PODFILE_DIR_PATH}/Podfile.lock\" \"${PODS_ROOT}/Manifest.lock\" > /dev/null\nif [ $? != 0 ] ; then\n    # print error to STDERR\n    echo \"error: The sandbox is not in sync with the Podfile.lock. Run 'pod install' or update your CocoaPods installation.\" >&2\n    exit 1\nfi\n# This output is used by Xcode 'outputs' to avoid re-running this script phase.\necho \"SUCCESS\" > \"${SCRIPT_OUTPUT_FILE_0}\"\n";
			showEnvVarsInLog = 0;
		};
/* End PBXShellScriptBuildPhase section */

/* Begin PBXSourcesBuildPhase section */
		6109AB1622066B2C00FA17AB /* Sources */ = {
			isa = PBXSourcesBuildPhase;
			buildActionMask = 2147483647;
			files = (
				6196F0072207A24100DB8344 /* UITableView+Extension.swift in Sources */,
				6196F0162207AC9C00DB8344 /* DefaultContainter.swift in Sources */,
				6196EFFE2207960800DB8344 /* DrawViewController.swift in Sources */,
				6196EFF722074BB200DB8344 /* DogService.swift in Sources */,
				6196F01C2207B07A00DB8344 /* DogResponse.swift in Sources */,
				6196EFFB2207941100DB8344 /* String+Extension.swift in Sources */,
				6196F01E2207BCA900DB8344 /* Coordinator.swift in Sources */,
				6196EFED2207344800DB8344 /* DogRouter.swift in Sources */,
				6196F00D2207A5C900DB8344 /* ApresentationViewModel.swift in Sources */,
				6109AB2022066B2C00FA17AB /* ApresentationViewController.swift in Sources */,
				6196F0182207AEA200DB8344 /* Service.swift in Sources */,
				6196F0222207BD3C00DB8344 /* AppCoordinator.swift in Sources */,
				6196EFF322073A8C00DB8344 /* Dog.swift in Sources */,
				6196EFF1220739FD00DB8344 /* DogRepository.swift in Sources */,
				6196F01A2207AF7200DB8344 /* Repository.swift in Sources */,
				61DFF61D2207FE2400D9F3D3 /* DogTableViewCellViewModel.swift in Sources */,
				6109AB1E22066B2C00FA17AB /* AppDelegate.swift in Sources */,
				6196F0052207A21100DB8344 /* UIView+Extension.swift in Sources */,
				6196F0022207979500DB8344 /* DogTableViewCell.swift in Sources */,
				6196F0132207ABF400DB8344 /* UIImageView+Extenstion.swift in Sources */,
			);
			runOnlyForDeploymentPostprocessing = 0;
		};
/* End PBXSourcesBuildPhase section */

/* Begin PBXVariantGroup section */
		6109AB2622066B2E00FA17AB /* LaunchScreen.storyboard */ = {
			isa = PBXVariantGroup;
			children = (
				6109AB2722066B2E00FA17AB /* Base */,
			);
			name = LaunchScreen.storyboard;
			sourceTree = "<group>";
		};
/* End PBXVariantGroup section */

/* Begin XCBuildConfiguration section */
		6109AB2A22066B2E00FA17AB /* Debug */ = {
			isa = XCBuildConfiguration;
			buildSettings = {
				ALWAYS_SEARCH_USER_PATHS = NO;
				CLANG_ANALYZER_NONNULL = YES;
				CLANG_ANALYZER_NUMBER_OBJECT_CONVERSION = YES_AGGRESSIVE;
				CLANG_CXX_LANGUAGE_STANDARD = "gnu++14";
				CLANG_CXX_LIBRARY = "libc++";
				CLANG_ENABLE_MODULES = YES;
				CLANG_ENABLE_OBJC_ARC = YES;
				CLANG_ENABLE_OBJC_WEAK = YES;
				CLANG_WARN_BLOCK_CAPTURE_AUTORELEASING = YES;
				CLANG_WARN_BOOL_CONVERSION = YES;
				CLANG_WARN_COMMA = YES;
				CLANG_WARN_CONSTANT_CONVERSION = YES;
				CLANG_WARN_DEPRECATED_OBJC_IMPLEMENTATIONS = YES;
				CLANG_WARN_DIRECT_OBJC_ISA_USAGE = YES_ERROR;
				CLANG_WARN_DOCUMENTATION_COMMENTS = YES;
				CLANG_WARN_EMPTY_BODY = YES;
				CLANG_WARN_ENUM_CONVERSION = YES;
				CLANG_WARN_INFINITE_RECURSION = YES;
				CLANG_WARN_INT_CONVERSION = YES;
				CLANG_WARN_NON_LITERAL_NULL_CONVERSION = YES;
				CLANG_WARN_OBJC_IMPLICIT_RETAIN_SELF = YES;
				CLANG_WARN_OBJC_LITERAL_CONVERSION = YES;
				CLANG_WARN_OBJC_ROOT_CLASS = YES_ERROR;
				CLANG_WARN_RANGE_LOOP_ANALYSIS = YES;
				CLANG_WARN_STRICT_PROTOTYPES = YES;
				CLANG_WARN_SUSPICIOUS_MOVE = YES;
				CLANG_WARN_UNGUARDED_AVAILABILITY = YES_AGGRESSIVE;
				CLANG_WARN_UNREACHABLE_CODE = YES;
				CLANG_WARN__DUPLICATE_METHOD_MATCH = YES;
				CODE_SIGN_IDENTITY = "iPhone Developer";
				COPY_PHASE_STRIP = NO;
				DEBUG_INFORMATION_FORMAT = dwarf;
				ENABLE_STRICT_OBJC_MSGSEND = YES;
				ENABLE_TESTABILITY = YES;
				GCC_C_LANGUAGE_STANDARD = gnu11;
				GCC_DYNAMIC_NO_PIC = NO;
				GCC_NO_COMMON_BLOCKS = YES;
				GCC_OPTIMIZATION_LEVEL = 0;
				GCC_PREPROCESSOR_DEFINITIONS = (
					"DEBUG=1",
					"$(inherited)",
				);
				GCC_WARN_64_TO_32_BIT_CONVERSION = YES;
				GCC_WARN_ABOUT_RETURN_TYPE = YES_ERROR;
				GCC_WARN_UNDECLARED_SELECTOR = YES;
				GCC_WARN_UNINITIALIZED_AUTOS = YES_AGGRESSIVE;
				GCC_WARN_UNUSED_FUNCTION = YES;
				GCC_WARN_UNUSED_VARIABLE = YES;
				IPHONEOS_DEPLOYMENT_TARGET = 12.1;
				MTL_ENABLE_DEBUG_INFO = INCLUDE_SOURCE;
				MTL_FAST_MATH = YES;
				ONLY_ACTIVE_ARCH = YES;
				SDKROOT = iphoneos;
				SWIFT_ACTIVE_COMPILATION_CONDITIONS = DEBUG;
				SWIFT_OPTIMIZATION_LEVEL = "-Onone";
			};
			name = Debug;
		};
		6109AB2B22066B2E00FA17AB /* Release */ = {
			isa = XCBuildConfiguration;
			buildSettings = {
				ALWAYS_SEARCH_USER_PATHS = NO;
				CLANG_ANALYZER_NONNULL = YES;
				CLANG_ANALYZER_NUMBER_OBJECT_CONVERSION = YES_AGGRESSIVE;
				CLANG_CXX_LANGUAGE_STANDARD = "gnu++14";
				CLANG_CXX_LIBRARY = "libc++";
				CLANG_ENABLE_MODULES = YES;
				CLANG_ENABLE_OBJC_ARC = YES;
				CLANG_ENABLE_OBJC_WEAK = YES;
				CLANG_WARN_BLOCK_CAPTURE_AUTORELEASING = YES;
				CLANG_WARN_BOOL_CONVERSION = YES;
				CLANG_WARN_COMMA = YES;
				CLANG_WARN_CONSTANT_CONVERSION = YES;
				CLANG_WARN_DEPRECATED_OBJC_IMPLEMENTATIONS = YES;
				CLANG_WARN_DIRECT_OBJC_ISA_USAGE = YES_ERROR;
				CLANG_WARN_DOCUMENTATION_COMMENTS = YES;
				CLANG_WARN_EMPTY_BODY = YES;
				CLANG_WARN_ENUM_CONVERSION = YES;
				CLANG_WARN_INFINITE_RECURSION = YES;
				CLANG_WARN_INT_CONVERSION = YES;
				CLANG_WARN_NON_LITERAL_NULL_CONVERSION = YES;
				CLANG_WARN_OBJC_IMPLICIT_RETAIN_SELF = YES;
				CLANG_WARN_OBJC_LITERAL_CONVERSION = YES;
				CLANG_WARN_OBJC_ROOT_CLASS = YES_ERROR;
				CLANG_WARN_RANGE_LOOP_ANALYSIS = YES;
				CLANG_WARN_STRICT_PROTOTYPES = YES;
				CLANG_WARN_SUSPICIOUS_MOVE = YES;
				CLANG_WARN_UNGUARDED_AVAILABILITY = YES_AGGRESSIVE;
				CLANG_WARN_UNREACHABLE_CODE = YES;
				CLANG_WARN__DUPLICATE_METHOD_MATCH = YES;
				CODE_SIGN_IDENTITY = "iPhone Developer";
				COPY_PHASE_STRIP = NO;
				DEBUG_INFORMATION_FORMAT = "dwarf-with-dsym";
				ENABLE_NS_ASSERTIONS = NO;
				ENABLE_STRICT_OBJC_MSGSEND = YES;
				GCC_C_LANGUAGE_STANDARD = gnu11;
				GCC_NO_COMMON_BLOCKS = YES;
				GCC_WARN_64_TO_32_BIT_CONVERSION = YES;
				GCC_WARN_ABOUT_RETURN_TYPE = YES_ERROR;
				GCC_WARN_UNDECLARED_SELECTOR = YES;
				GCC_WARN_UNINITIALIZED_AUTOS = YES_AGGRESSIVE;
				GCC_WARN_UNUSED_FUNCTION = YES;
				GCC_WARN_UNUSED_VARIABLE = YES;
				IPHONEOS_DEPLOYMENT_TARGET = 12.1;
				MTL_ENABLE_DEBUG_INFO = NO;
				MTL_FAST_MATH = YES;
				SDKROOT = iphoneos;
				SWIFT_COMPILATION_MODE = wholemodule;
				SWIFT_OPTIMIZATION_LEVEL = "-O";
				VALIDATE_PRODUCT = YES;
			};
			name = Release;
		};
		6109AB2D22066B2E00FA17AB /* Debug */ = {
			isa = XCBuildConfiguration;
			baseConfigurationReference = D84C8812EE56BB44C49F75C8 /* Pods-DoguineoRx.debug.xcconfig */;
			buildSettings = {
				ASSETCATALOG_COMPILER_APPICON_NAME = AppIcon;
				CODE_SIGN_STYLE = Automatic;
				DEVELOPMENT_TEAM = YY4FY5E467;
				INFOPLIST_FILE = "$(SRCROOT)/DoguineoRx/Resources/Info.plist";
				LD_RUNPATH_SEARCH_PATHS = (
					"$(inherited)",
					"@executable_path/Frameworks",
				);
				PRODUCT_BUNDLE_IDENTIFIER = com.gabrielcavalcante.DoguineoRx;
				PRODUCT_NAME = "$(TARGET_NAME)";
				SWIFT_VERSION = 4.0;
				TARGETED_DEVICE_FAMILY = "1,2";
			};
			name = Debug;
		};
		6109AB2E22066B2E00FA17AB /* Release */ = {
			isa = XCBuildConfiguration;
			baseConfigurationReference = BC1DD0E3321D22C9D4CE8E39 /* Pods-DoguineoRx.release.xcconfig */;
			buildSettings = {
				ASSETCATALOG_COMPILER_APPICON_NAME = AppIcon;
				CODE_SIGN_STYLE = Automatic;
				DEVELOPMENT_TEAM = YY4FY5E467;
				INFOPLIST_FILE = "$(SRCROOT)/DoguineoRx/Resources/Info.plist";
				LD_RUNPATH_SEARCH_PATHS = (
					"$(inherited)",
					"@executable_path/Frameworks",
				);
				PRODUCT_BUNDLE_IDENTIFIER = com.gabrielcavalcante.DoguineoRx;
				PRODUCT_NAME = "$(TARGET_NAME)";
				SWIFT_VERSION = 4.0;
				TARGETED_DEVICE_FAMILY = "1,2";
			};
			name = Release;
		};
/* End XCBuildConfiguration section */

/* Begin XCConfigurationList section */
		6109AB1522066B2C00FA17AB /* Build configuration list for PBXProject "DoguineoRx" */ = {
			isa = XCConfigurationList;
			buildConfigurations = (
				6109AB2A22066B2E00FA17AB /* Debug */,
				6109AB2B22066B2E00FA17AB /* Release */,
			);
			defaultConfigurationIsVisible = 0;
			defaultConfigurationName = Release;
		};
		6109AB2C22066B2E00FA17AB /* Build configuration list for PBXNativeTarget "DoguineoRx" */ = {
			isa = XCConfigurationList;
			buildConfigurations = (
				6109AB2D22066B2E00FA17AB /* Debug */,
				6109AB2E22066B2E00FA17AB /* Release */,
			);
			defaultConfigurationIsVisible = 0;
			defaultConfigurationName = Release;
		};
/* End XCConfigurationList section */
	};
	rootObject = 6109AB1222066B2C00FA17AB /* Project object */;
}
